
Microsoft Visual Studio Solution File, Format Version 12.00
# Visual Studio Version 17
VisualStudioVersion = 17.8.34316.72
MinimumVisualStudioVersion = 10.0.40219.1
Project("{FAE04EC0-301F-11D3-BF4B-00C04F79EFBC}") = "TestPower_CS", "TestPower_CS\TestPower_CS.csproj", "{3D0DFCA7-9A00-4E2F-9B1E-1750865E4F3B}"
EndProject
Project("{FAE04EC0-301F-11D3-BF4B-00C04F79EFBC}") = "TestPowerNetCore", "TestPowerNetCore\TestPowerNetCore.csproj", "{19DCF284-52FE-4C54-B3DA-DE6E260AACD9}"
EndProject
Project("{FAE04EC0-301F-11D3-BF4B-00C04F79EFBC}") = "TestPowerSumNetCoreWinFrm", "TestPowerSumNetCoreWinFrm\TestPowerSumNetCoreWinFrm.csproj", "{5207ADEE-9069-4CF6-BBDC-249AEB49242F}"
EndProject
Project("{FAE04EC0-301F-11D3-BF4B-00C04F79EFBC}") = "TestPowerSumNetCoreMobile", "TestPowerSumNetCoreMobile\TestPowerSumNetCoreMobile.csproj", "{3AAC9617-9E01-411B-80A6-BD96BD1AB379}"
EndProject
Project("{FAE04EC0-301F-11D3-BF4B-00C04F79EFBC}") = "CpuBenchmark", "CpuBenchmark\CpuBenchmark.csproj", "{30560028-9CB5-49B3-82E7-D419440806F0}"
EndProject
Global
	GlobalSection(SolutionConfigurationPlatforms) = preSolution
		Debug|Any CPU = Debug|Any CPU
		Release|Any CPU = Release|Any CPU
	EndGlobalSection
	GlobalSection(ProjectConfigurationPlatforms) = postSolution
		{3D0DFCA7-9A00-4E2F-9B1E-1750865E4F3B}.Debug|Any CPU.ActiveCfg = Debug|Any CPU
		{3D0DFCA7-9A00-4E2F-9B1E-1750865E4F3B}.Debug|Any CPU.Build.0 = Debug|Any CPU
		{3D0DFCA7-9A00-4E2F-9B1E-1750865E4F3B}.Release|Any CPU.ActiveCfg = Release|Any CPU
		{3D0DFCA7-9A00-4E2F-9B1E-1750865E4F3B}.Release|Any CPU.Build.0 = Release|Any CPU
		{19DCF284-52FE-4C54-B3DA-DE6E260AACD9}.Debug|Any CPU.ActiveCfg = Debug|Any CPU
		{19DCF284-52FE-4C54-B3DA-DE6E260AACD9}.Debug|Any CPU.Build.0 = Debug|Any CPU
		{19DCF284-52FE-4C54-B3DA-DE6E260AACD9}.Release|Any CPU.ActiveCfg = Release|Any CPU
		{19DCF284-52FE-4C54-B3DA-DE6E260AACD9}.Release|Any CPU.Build.0 = Release|Any CPU
		{5207ADEE-9069-4CF6-BBDC-249AEB49242F}.Debug|Any CPU.ActiveCfg = Debug|Any CPU
		{5207ADEE-9069-4CF6-BBDC-249AEB49242F}.Debug|Any CPU.Build.0 = Debug|Any CPU
		{5207ADEE-9069-4CF6-BBDC-249AEB49242F}.Release|Any CPU.ActiveCfg = Release|Any CPU
		{5207ADEE-9069-4CF6-BBDC-249AEB49242F}.Release|Any CPU.Build.0 = Release|Any CPU
		{3AAC9617-9E01-411B-80A6-BD96BD1AB379}.Debug|Any CPU.ActiveCfg = Debug|Any CPU
		{3AAC9617-9E01-411B-80A6-BD96BD1AB379}.Debug|Any CPU.Build.0 = Debug|Any CPU
		{3AAC9617-9E01-411B-80A6-BD96BD1AB379}.Debug|Any CPU.Deploy.0 = Debug|Any CPU
		{3AAC9617-9E01-411B-80A6-BD96BD1AB379}.Release|Any CPU.ActiveCfg = Release|Any CPU
		{3AAC9617-9E01-411B-80A6-BD96BD1AB379}.Release|Any CPU.Build.0 = Release|Any CPU
		{3AAC9617-9E01-411B-80A6-BD96BD1AB379}.Release|Any CPU.Deploy.0 = Release|Any CPU
		{30560028-9CB5-49B3-82E7-D419440806F0}.Debug|Any CPU.ActiveCfg = Debug|Any CPU
		{30560028-9CB5-49B3-82E7-D419440806F0}.Debug|Any CPU.Build.0 = Debug|Any CPU
		{30560028-9CB5-49B3-82E7-D419440806F0}.Release|Any CPU.ActiveCfg = Release|Any CPU
		{30560028-9CB5-49B3-82E7-D419440806F0}.Release|Any CPU.Build.0 = Release|Any CPU
	EndGlobalSection
	GlobalSection(SolutionProperties) = preSolution
		HideSolutionNode = FALSE
	EndGlobalSection
	GlobalSection(ExtensibilityGlobals) = postSolution
		SolutionGuid = {C707EFAC-D23B-42CB-A2E8-EFB9AC0A49FE}
	EndGlobalSection
EndGlobal
