
Microsoft Visual Studio Solution File, Format Version 12.00
# Visual Studio Version 17
VisualStudioVersion = 17.8.34316.72
MinimumVisualStudioVersion = 10.0.40219.1
Project("{FAE04EC0-301F-11D3-BF4B-00C04F79EFBC}") = "TestPower_CS", "TestPower_CS\TestPower_CS.csproj", "{3D0DFCA7-9A00-4E2F-9B1E-1750865E4F3B}"
EndProject
Project("{FAE04EC0-301F-11D3-BF4B-00C04F79EFBC}") = "TestPowerNetCore", "TestPowerNetCore\TestPowerNetCore.csproj", "{19DCF284-52FE-4C54-B3DA-DE6E260AACD9}"
EndProject
Project("{FAE04EC0-301F-11D3-BF4B-00C04F79EFBC}") = "TestPowerSumNetCore", "TestPowerSumNetCore\TestPowerSumNetCore.csproj", "{C9704647-56D1-4413-B091-33679B44E80C}"
EndProject
Project("{FAE04EC0-301F-11D3-BF4B-00C04F79EFBC}") = "CalcToBillionNet8", "CalcToBillionNet8\CalcToBillionNet8.csproj", "{C822E5C1-1C9D-40F1-98DA-E3A5678D1E3B}"
EndProject
Project("{FAE04EC0-301F-11D3-BF4B-00C04F79EFBC}") = "CalcToBillionNetFrm472", "CalcToBillionNetFrm472\CalcToBillionNetFrm472.csproj", "{438ADB83-E87C-4B57-88C5-F674316F07AD}"
EndProject
Global
	GlobalSection(SolutionConfigurationPlatforms) = preSolution
		Debug|Any CPU = Debug|Any CPU
		Release|Any CPU = Release|Any CPU
	EndGlobalSection
	GlobalSection(ProjectConfigurationPlatforms) = postSolution
		{3D0DFCA7-9A00-4E2F-9B1E-1750865E4F3B}.Debug|Any CPU.ActiveCfg = Debug|Any CPU
		{3D0DFCA7-9A00-4E2F-9B1E-1750865E4F3B}.Debug|Any CPU.Build.0 = Debug|Any CPU
		{3D0DFCA7-9A00-4E2F-9B1E-1750865E4F3B}.Release|Any CPU.ActiveCfg = Release|Any CPU
		{3D0DFCA7-9A00-4E2F-9B1E-1750865E4F3B}.Release|Any CPU.Build.0 = Release|Any CPU
		{19DCF284-52FE-4C54-B3DA-DE6E260AACD9}.Debug|Any CPU.ActiveCfg = Debug|Any CPU
		{19DCF284-52FE-4C54-B3DA-DE6E260AACD9}.Debug|Any CPU.Build.0 = Debug|Any CPU
		{19DCF284-52FE-4C54-B3DA-DE6E260AACD9}.Release|Any CPU.ActiveCfg = Release|Any CPU
		{19DCF284-52FE-4C54-B3DA-DE6E260AACD9}.Release|Any CPU.Build.0 = Release|Any CPU
		{C9704647-56D1-4413-B091-33679B44E80C}.Debug|Any CPU.ActiveCfg = Debug|Any CPU
		{C9704647-56D1-4413-B091-33679B44E80C}.Debug|Any CPU.Build.0 = Debug|Any CPU
		{C9704647-56D1-4413-B091-33679B44E80C}.Release|Any CPU.ActiveCfg = Release|Any CPU
		{C9704647-56D1-4413-B091-33679B44E80C}.Release|Any CPU.Build.0 = Release|Any CPU
		{C822E5C1-1C9D-40F1-98DA-E3A5678D1E3B}.Debug|Any CPU.ActiveCfg = Debug|Any CPU
		{C822E5C1-1C9D-40F1-98DA-E3A5678D1E3B}.Debug|Any CPU.Build.0 = Debug|Any CPU
		{C822E5C1-1C9D-40F1-98DA-E3A5678D1E3B}.Release|Any CPU.ActiveCfg = Release|Any CPU
		{C822E5C1-1C9D-40F1-98DA-E3A5678D1E3B}.Release|Any CPU.Build.0 = Release|Any CPU
		{438ADB83-E87C-4B57-88C5-F674316F07AD}.Debug|Any CPU.ActiveCfg = Debug|Any CPU
		{438ADB83-E87C-4B57-88C5-F674316F07AD}.Debug|Any CPU.Build.0 = Debug|Any CPU
		{438ADB83-E87C-4B57-88C5-F674316F07AD}.Release|Any CPU.ActiveCfg = Release|Any CPU
		{438ADB83-E87C-4B57-88C5-F674316F07AD}.Release|Any CPU.Build.0 = Release|Any CPU
	EndGlobalSection
	GlobalSection(SolutionProperties) = preSolution
		HideSolutionNode = FALSE
	EndGlobalSection
	GlobalSection(ExtensibilityGlobals) = postSolution
		SolutionGuid = {C707EFAC-D23B-42CB-A2E8-EFB9AC0A49FE}
	EndGlobalSection
EndGlobal
